
Microsoft Visual Studio Solution File, Format Version 12.00
# Visual Studio Version 17
VisualStudioVersion = 17.14.36429.23
MinimumVisualStudioVersion = 10.0.40219.1
Project("{2150E333-8FDC-42A3-9474-1A3956D46DE8}") = "Task0", "Task0", "{02EA681E-C7D8-13C7-8484-4AC65E1B71E8}"
EndProject
Project("{FAE04EC0-301F-11D3-BF4B-00C04F79EFBC}") = "Tyuiu.KochetovKO.Sprint1.Task0.V20", "Tyuiu.KochetovKO.Sprint1.Task0.V20\Tyuiu.KochetovKO.Sprint1.Task0.V20.csproj", "{FBC98062-5AE3-EAE2-FC94-059E1A4F2571}"
EndProject
Project("{FAE04EC0-301F-11D3-BF4B-00C04F79EFBC}") = "Tyuiu.KochetovKO.Sprint1.Task0.V20.Lib", "Tyuiu.KochetovKO.Sprint1.Task0.V20.Lib\Tyuiu.KochetovKO.Sprint1.Task0.V20.Lib.csproj", "{A54815BB-72ED-3027-470D-2C3EE61A3A56}"
EndProject
Project("{FAE04EC0-301F-11D3-BF4B-00C04F79EFBC}") = "Tyuiu.KochetovKO.Sprint1.Task0.V20.Test", "Tyuiu.KochetovKO.Sprint1.Task0.V20.Test\Tyuiu.KochetovKO.Sprint1.Task0.V20.Test.csproj", "{BB629C04-00E9-6961-7B75-3C437FB4BC03}"
EndProject
Project("{2150E333-8FDC-42A3-9474-1A3956D46DE8}") = "Task1", "Task1", "{6258F3AB-9832-49CF-A486-399686B709D5}"
EndProject
Project("{FAE04EC0-301F-11D3-BF4B-00C04F79EFBC}") = "Tyuiu.KochetovKO.Sprint1.Task1.V20.Lib", "Tyuiu.KochetovKO.Sprint1.Task1.V20.Lib\Tyuiu.KochetovKO.Sprint1.Task1.V20.Lib.csproj", "{E13A00F6-6E1E-4983-AD48-EE1D0A284C6F}"
EndProject
Project("{FAE04EC0-301F-11D3-BF4B-00C04F79EFBC}") = "Tyuiu.KochetovKO.Sprint1.Task1.V20", "Tyuiu.KochetovKO.Sprint1.Task1.V20\Tyuiu.KochetovKO.Sprint1.Task1.V20.csproj", "{FF5B19A5-B4C9-4CAE-88B9-2F90932D980A}"
EndProject
Project("{FAE04EC0-301F-11D3-BF4B-00C04F79EFBC}") = "Tyuiu.KochetovKO.Sprint1.Task1.V20.Test", "Tyuiu.KochetovKO.Sprint1.Task1.V20.Test\Tyuiu.KochetovKO.Sprint1.Task1.V20.Test.csproj", "{A26E32F1-3F69-425B-8162-E0D94FA87B18}"
EndProject
Project("{2150E333-8FDC-42A3-9474-1A3956D46DE8}") = "Task2", "Task2", "{13467723-5732-49FB-AF82-EF64996159E4}"
EndProject
Project("{FAE04EC0-301F-11D3-BF4B-00C04F79EFBC}") = "Tyuiu.KochetovKO.Sprint1.Task2.V17", "Tyuiu.KochetovKO.Sprint1.Task2.V17\Tyuiu.KochetovKO.Sprint1.Task2.V17.csproj", "{F27A14DE-EA5B-4045-B945-55141CC416E9}"
EndProject
Project("{FAE04EC0-301F-11D3-BF4B-00C04F79EFBC}") = "Tyuiu.KochetovKO.Sprint1.Task2.V17.Test", "Tyuiu.KochetovKO.Sprint1.Task2.V17.Test\Tyuiu.KochetovKO.Sprint1.Task2.V17.Test.csproj", "{1350D592-A067-4F5F-AB57-94B37D85948B}"
EndProject
Project("{FAE04EC0-301F-11D3-BF4B-00C04F79EFBC}") = "Tyuiu.KochetovKO.Sprint1.Task2.V17.Lib", "Tyuiu.KochetovKO.Sprint1.Task2.V17.Lib\Tyuiu.KochetovKO.Sprint1.Task2.V17.Lib.csproj", "{EF4A2A87-B843-46AF-A0F4-9FFA26AD9E6B}"
EndProject
Project("{2150E333-8FDC-42A3-9474-1A3956D46DE8}") = "Task3", "Task3", "{C4AC44FC-5D2F-4D7F-94E7-092035A5107B}"
EndProject
Project("{FAE04EC0-301F-11D3-BF4B-00C04F79EFBC}") = "Tyuiu.KochetovKO.Sprint1.Task3.V11.Lib", "Tyuiu.KochetovKO.Sprint1.Task3.V11.Lib\Tyuiu.KochetovKO.Sprint1.Task3.V11.Lib.csproj", "{331B8455-2371-4BCF-AE3A-41DA3CAD3216}"
EndProject
Project("{FAE04EC0-301F-11D3-BF4B-00C04F79EFBC}") = "Tyuiu.KochetovKO.Sprint1.Task3.V11.Test", "Tyuiu.KochetovKO.Sprint1.Task3.V11.Test\Tyuiu.KochetovKO.Sprint1.Task3.V11.Test.csproj", "{10772FB6-C675-40A3-8676-CFD3A4AC5808}"
EndProject
Project("{FAE04EC0-301F-11D3-BF4B-00C04F79EFBC}") = "Tyuiu.KochetovKO.Sprint1.Task3.V11", "Tyuiu.KochetovKO.Sprint1.Task3.V11\Tyuiu.KochetovKO.Sprint1.Task3.V11.csproj", "{2AB2C191-3041-4558-B718-1821325C0A35}"
EndProject
Project("{2150E333-8FDC-42A3-9474-1A3956D46DE8}") = "Task4", "Task4", "{40F1BB73-EC8B-4E7C-B6F5-E0EC3220E634}"
EndProject
Project("{FAE04EC0-301F-11D3-BF4B-00C04F79EFBC}") = "Tyuiu.KochetovKO.Sprint1.Task4.V21", "Tyuiu.KochetovKO.Sprint1.Task4.V21\Tyuiu.KochetovKO.Sprint1.Task4.V21.csproj", "{92EBBBB1-7B57-42FB-9E43-3FAE79023D41}"
EndProject
Project("{FAE04EC0-301F-11D3-BF4B-00C04F79EFBC}") = "Tyuiu.KochetovKO.Sprint1.Task4.V21.Test", "Tyuiu.KochetovKO.Sprint1.Task4.V21.Test\Tyuiu.KochetovKO.Sprint1.Task4.V21.Test.csproj", "{E28936EF-B679-46DB-961A-BAB617DB15E6}"
EndProject
Project("{FAE04EC0-301F-11D3-BF4B-00C04F79EFBC}") = "Tyuiu.KochetovKO.Sprint1.Task4.V21.Lib", "Tyuiu.KochetovKO.Sprint1.Task4.V21.Lib\Tyuiu.KochetovKO.Sprint1.Task4.V21.Lib.csproj", "{933C7BC2-6D9C-47C6-9322-0601EA038F14}"
EndProject
Project("{2150E333-8FDC-42A3-9474-1A3956D46DE8}") = "Task5", "Task5", "{0C314724-F74D-4B20-95E6-0EE020CE4A15}"
EndProject
Project("{FAE04EC0-301F-11D3-BF4B-00C04F79EFBC}") = "Tyuiu.KochetovKO.Sprint1.Task5.V5", "Tyuiu.KochetovKO.Sprint1.Task5.V5\Tyuiu.KochetovKO.Sprint1.Task5.V5.csproj", "{D79020E5-8D7B-4174-802E-B264DD5BF07D}"
EndProject
Project("{FAE04EC0-301F-11D3-BF4B-00C04F79EFBC}") = "Tyuiu.KochetovKO.Sprint1.Task5.V5.Lib", "Tyuiu.KochetovKO.Sprint1.Task5.V5.Lib\Tyuiu.KochetovKO.Sprint1.Task5.V5.Lib.csproj", "{B0A99B19-E1B5-4A45-9F0E-66382A7BA25C}"
EndProject
Project("{FAE04EC0-301F-11D3-BF4B-00C04F79EFBC}") = "Tyuiu.KochetovKO.Sprint1.Task5.V5.Test", "Tyuiu.KochetovKO.Sprint1.Task5.V5.Test\Tyuiu.KochetovKO.Sprint1.Task5.V5.Test.csproj", "{274E7AAF-B57A-4EA4-9DCE-8EB03DA13D20}"
EndProject
Project("{2150E333-8FDC-42A3-9474-1A3956D46DE8}") = "Task6", "Task6", "{A2DFB1D3-7703-4EE9-8AB2-E0CD593FAFDC}"
EndProject
Project("{FAE04EC0-301F-11D3-BF4B-00C04F79EFBC}") = "Tyuiu.KochetovKO.Sprint1.Task6.V17", "Tyuiu.KochetovKO.Sprint1.Task6.V17\Tyuiu.KochetovKO.Sprint1.Task6.V17.csproj", "{41E29221-8868-41A4-B522-30A7923A07E2}"
EndProject
Project("{FAE04EC0-301F-11D3-BF4B-00C04F79EFBC}") = "Tyuiu.KochetovKO.Sprint1.Task6.V17.Test", "Tyuiu.KochetovKO.Sprint1.Task6.V17.Test\Tyuiu.KochetovKO.Sprint1.Task6.V17.Test.csproj", "{7725BE1F-746F-4409-A21C-CAE9BBAEA55A}"
EndProject
Project("{FAE04EC0-301F-11D3-BF4B-00C04F79EFBC}") = "Tyuiu.KochetovKO.Sprint1.Task6.V17.Lib", "Tyuiu.KochetovKO.Sprint1.Task6.V17.Lib\Tyuiu.KochetovKO.Sprint1.Task6.V17.Lib.csproj", "{0083C629-B070-45EA-B17D-6BBDD064ADA2}"
EndProject
Project("{2150E333-8FDC-42A3-9474-1A3956D46DE8}") = "Task7", "Task7", "{6B318458-0B29-4B66-B9EA-0FB7B2D85CB7}"
EndProject
Project("{FAE04EC0-301F-11D3-BF4B-00C04F79EFBC}") = "Tyuiu.KochetovKO.Sprint1.Task7.V10", "Tyuiu.KochetovKO.Sprint1.Task7.V10\Tyuiu.KochetovKO.Sprint1.Task7.V10.csproj", "{83A77225-42D2-4096-92D8-7FACC29D1C64}"
EndProject
Project("{FAE04EC0-301F-11D3-BF4B-00C04F79EFBC}") = "Tyuiu.KochetovKO.Sprint1.Task7.V10.Lib", "Tyuiu.KochetovKO.Sprint1.Task7.V10.Lib\Tyuiu.KochetovKO.Sprint1.Task7.V10.Lib.csproj", "{45F3C377-A0C2-4B26-BFF1-342775ADF90C}"
EndProject
Project("{FAE04EC0-301F-11D3-BF4B-00C04F79EFBC}") = "Tyuiu.KochetovKO.Sprint1.Task7.V10.Test", "Tyuiu.KochetovKO.Sprint1.Task7.V10.Test\Tyuiu.KochetovKO.Sprint1.Task7.V10.Test.csproj", "{75071883-3949-4684-98A1-C4C5AAD60778}"
EndProject
Global
	GlobalSection(SolutionConfigurationPlatforms) = preSolution
		Debug|Any CPU = Debug|Any CPU
		Release|Any CPU = Release|Any CPU
	EndGlobalSection
	GlobalSection(ProjectConfigurationPlatforms) = postSolution
		{FBC98062-5AE3-EAE2-FC94-059E1A4F2571}.Debug|Any CPU.ActiveCfg = Debug|Any CPU
		{FBC98062-5AE3-EAE2-FC94-059E1A4F2571}.Debug|Any CPU.Build.0 = Debug|Any CPU
		{FBC98062-5AE3-EAE2-FC94-059E1A4F2571}.Release|Any CPU.ActiveCfg = Release|Any CPU
		{FBC98062-5AE3-EAE2-FC94-059E1A4F2571}.Release|Any CPU.Build.0 = Release|Any CPU
		{A54815BB-72ED-3027-470D-2C3EE61A3A56}.Debug|Any CPU.ActiveCfg = Debug|Any CPU
		{A54815BB-72ED-3027-470D-2C3EE61A3A56}.Debug|Any CPU.Build.0 = Debug|Any CPU
		{A54815BB-72ED-3027-470D-2C3EE61A3A56}.Release|Any CPU.ActiveCfg = Release|Any CPU
		{A54815BB-72ED-3027-470D-2C3EE61A3A56}.Release|Any CPU.Build.0 = Release|Any CPU
		{BB629C04-00E9-6961-7B75-3C437FB4BC03}.Debug|Any CPU.ActiveCfg = Debug|Any CPU
		{BB629C04-00E9-6961-7B75-3C437FB4BC03}.Debug|Any CPU.Build.0 = Debug|Any CPU
		{BB629C04-00E9-6961-7B75-3C437FB4BC03}.Release|Any CPU.ActiveCfg = Release|Any CPU
		{BB629C04-00E9-6961-7B75-3C437FB4BC03}.Release|Any CPU.Build.0 = Release|Any CPU
		{E13A00F6-6E1E-4983-AD48-EE1D0A284C6F}.Debug|Any CPU.ActiveCfg = Debug|Any CPU
		{E13A00F6-6E1E-4983-AD48-EE1D0A284C6F}.Debug|Any CPU.Build.0 = Debug|Any CPU
		{E13A00F6-6E1E-4983-AD48-EE1D0A284C6F}.Release|Any CPU.ActiveCfg = Release|Any CPU
		{E13A00F6-6E1E-4983-AD48-EE1D0A284C6F}.Release|Any CPU.Build.0 = Release|Any CPU
		{FF5B19A5-B4C9-4CAE-88B9-2F90932D980A}.Debug|Any CPU.ActiveCfg = Debug|Any CPU
		{FF5B19A5-B4C9-4CAE-88B9-2F90932D980A}.Debug|Any CPU.Build.0 = Debug|Any CPU
		{FF5B19A5-B4C9-4CAE-88B9-2F90932D980A}.Release|Any CPU.ActiveCfg = Release|Any CPU
		{FF5B19A5-B4C9-4CAE-88B9-2F90932D980A}.Release|Any CPU.Build.0 = Release|Any CPU
		{A26E32F1-3F69-425B-8162-E0D94FA87B18}.Debug|Any CPU.ActiveCfg = Debug|Any CPU
		{A26E32F1-3F69-425B-8162-E0D94FA87B18}.Debug|Any CPU.Build.0 = Debug|Any CPU
		{A26E32F1-3F69-425B-8162-E0D94FA87B18}.Release|Any CPU.ActiveCfg = Release|Any CPU
		{A26E32F1-3F69-425B-8162-E0D94FA87B18}.Release|Any CPU.Build.0 = Release|Any CPU
		{F27A14DE-EA5B-4045-B945-55141CC416E9}.Debug|Any CPU.ActiveCfg = Debug|Any CPU
		{F27A14DE-EA5B-4045-B945-55141CC416E9}.Debug|Any CPU.Build.0 = Debug|Any CPU
		{F27A14DE-EA5B-4045-B945-55141CC416E9}.Release|Any CPU.ActiveCfg = Release|Any CPU
		{F27A14DE-EA5B-4045-B945-55141CC416E9}.Release|Any CPU.Build.0 = Release|Any CPU
		{1350D592-A067-4F5F-AB57-94B37D85948B}.Debug|Any CPU.ActiveCfg = Debug|Any CPU
		{1350D592-A067-4F5F-AB57-94B37D85948B}.Debug|Any CPU.Build.0 = Debug|Any CPU
		{1350D592-A067-4F5F-AB57-94B37D85948B}.Release|Any CPU.ActiveCfg = Release|Any CPU
		{1350D592-A067-4F5F-AB57-94B37D85948B}.Release|Any CPU.Build.0 = Release|Any CPU
		{EF4A2A87-B843-46AF-A0F4-9FFA26AD9E6B}.Debug|Any CPU.ActiveCfg = Debug|Any CPU
		{EF4A2A87-B843-46AF-A0F4-9FFA26AD9E6B}.Debug|Any CPU.Build.0 = Debug|Any CPU
		{EF4A2A87-B843-46AF-A0F4-9FFA26AD9E6B}.Release|Any CPU.ActiveCfg = Release|Any CPU
		{EF4A2A87-B843-46AF-A0F4-9FFA26AD9E6B}.Release|Any CPU.Build.0 = Release|Any CPU
		{331B8455-2371-4BCF-AE3A-41DA3CAD3216}.Debug|Any CPU.ActiveCfg = Debug|Any CPU
		{331B8455-2371-4BCF-AE3A-41DA3CAD3216}.Debug|Any CPU.Build.0 = Debug|Any CPU
		{331B8455-2371-4BCF-AE3A-41DA3CAD3216}.Release|Any CPU.ActiveCfg = Release|Any CPU
		{331B8455-2371-4BCF-AE3A-41DA3CAD3216}.Release|Any CPU.Build.0 = Release|Any CPU
		{10772FB6-C675-40A3-8676-CFD3A4AC5808}.Debug|Any CPU.ActiveCfg = Debug|Any CPU
		{10772FB6-C675-40A3-8676-CFD3A4AC5808}.Debug|Any CPU.Build.0 = Debug|Any CPU
		{10772FB6-C675-40A3-8676-CFD3A4AC5808}.Release|Any CPU.ActiveCfg = Release|Any CPU
		{10772FB6-C675-40A3-8676-CFD3A4AC5808}.Release|Any CPU.Build.0 = Release|Any CPU
		{2AB2C191-3041-4558-B718-1821325C0A35}.Debug|Any CPU.ActiveCfg = Debug|Any CPU
		{2AB2C191-3041-4558-B718-1821325C0A35}.Debug|Any CPU.Build.0 = Debug|Any CPU
		{2AB2C191-3041-4558-B718-1821325C0A35}.Release|Any CPU.ActiveCfg = Release|Any CPU
		{2AB2C191-3041-4558-B718-1821325C0A35}.Release|Any CPU.Build.0 = Release|Any CPU
		{92EBBBB1-7B57-42FB-9E43-3FAE79023D41}.Debug|Any CPU.ActiveCfg = Debug|Any CPU
		{92EBBBB1-7B57-42FB-9E43-3FAE79023D41}.Debug|Any CPU.Build.0 = Debug|Any CPU
		{92EBBBB1-7B57-42FB-9E43-3FAE79023D41}.Release|Any CPU.ActiveCfg = Release|Any CPU
		{92EBBBB1-7B57-42FB-9E43-3FAE79023D41}.Release|Any CPU.Build.0 = Release|Any CPU
		{E28936EF-B679-46DB-961A-BAB617DB15E6}.Debug|Any CPU.ActiveCfg = Debug|Any CPU
		{E28936EF-B679-46DB-961A-BAB617DB15E6}.Debug|Any CPU.Build.0 = Debug|Any CPU
		{E28936EF-B679-46DB-961A-BAB617DB15E6}.Release|Any CPU.ActiveCfg = Release|Any CPU
		{E28936EF-B679-46DB-961A-BAB617DB15E6}.Release|Any CPU.Build.0 = Release|Any CPU
		{933C7BC2-6D9C-47C6-9322-0601EA038F14}.Debug|Any CPU.ActiveCfg = Debug|Any CPU
		{933C7BC2-6D9C-47C6-9322-0601EA038F14}.Debug|Any CPU.Build.0 = Debug|Any CPU
		{933C7BC2-6D9C-47C6-9322-0601EA038F14}.Release|Any CPU.ActiveCfg = Release|Any CPU
		{933C7BC2-6D9C-47C6-9322-0601EA038F14}.Release|Any CPU.Build.0 = Release|Any CPU
		{D79020E5-8D7B-4174-802E-B264DD5BF07D}.Debug|Any CPU.ActiveCfg = Debug|Any CPU
		{D79020E5-8D7B-4174-802E-B264DD5BF07D}.Debug|Any CPU.Build.0 = Debug|Any CPU
		{D79020E5-8D7B-4174-802E-B264DD5BF07D}.Release|Any CPU.ActiveCfg = Release|Any CPU
		{D79020E5-8D7B-4174-802E-B264DD5BF07D}.Release|Any CPU.Build.0 = Release|Any CPU
		{B0A99B19-E1B5-4A45-9F0E-66382A7BA25C}.Debug|Any CPU.ActiveCfg = Debug|Any CPU
		{B0A99B19-E1B5-4A45-9F0E-66382A7BA25C}.Debug|Any CPU.Build.0 = Debug|Any CPU
		{B0A99B19-E1B5-4A45-9F0E-66382A7BA25C}.Release|Any CPU.ActiveCfg = Release|Any CPU
		{B0A99B19-E1B5-4A45-9F0E-66382A7BA25C}.Release|Any CPU.Build.0 = Release|Any CPU
		{274E7AAF-B57A-4EA4-9DCE-8EB03DA13D20}.Debug|Any CPU.ActiveCfg = Debug|Any CPU
		{274E7AAF-B57A-4EA4-9DCE-8EB03DA13D20}.Debug|Any CPU.Build.0 = Debug|Any CPU
		{274E7AAF-B57A-4EA4-9DCE-8EB03DA13D20}.Release|Any CPU.ActiveCfg = Release|Any CPU
		{274E7AAF-B57A-4EA4-9DCE-8EB03DA13D20}.Release|Any CPU.Build.0 = Release|Any CPU
		{41E29221-8868-41A4-B522-30A7923A07E2}.Debug|Any CPU.ActiveCfg = Debug|Any CPU
		{41E29221-8868-41A4-B522-30A7923A07E2}.Debug|Any CPU.Build.0 = Debug|Any CPU
		{41E29221-8868-41A4-B522-30A7923A07E2}.Release|Any CPU.ActiveCfg = Release|Any CPU
		{41E29221-8868-41A4-B522-30A7923A07E2}.Release|Any CPU.Build.0 = Release|Any CPU
		{7725BE1F-746F-4409-A21C-CAE9BBAEA55A}.Debug|Any CPU.ActiveCfg = Debug|Any CPU
		{7725BE1F-746F-4409-A21C-CAE9BBAEA55A}.Debug|Any CPU.Build.0 = Debug|Any CPU
		{7725BE1F-746F-4409-A21C-CAE9BBAEA55A}.Release|Any CPU.ActiveCfg = Release|Any CPU
		{7725BE1F-746F-4409-A21C-CAE9BBAEA55A}.Release|Any CPU.Build.0 = Release|Any CPU
		{0083C629-B070-45EA-B17D-6BBDD064ADA2}.Debug|Any CPU.ActiveCfg = Debug|Any CPU
		{0083C629-B070-45EA-B17D-6BBDD064ADA2}.Debug|Any CPU.Build.0 = Debug|Any CPU
		{0083C629-B070-45EA-B17D-6BBDD064ADA2}.Release|Any CPU.ActiveCfg = Release|Any CPU
		{0083C629-B070-45EA-B17D-6BBDD064ADA2}.Release|Any CPU.Build.0 = Release|Any CPU
		{83A77225-42D2-4096-92D8-7FACC29D1C64}.Debug|Any CPU.ActiveCfg = Debug|Any CPU
		{83A77225-42D2-4096-92D8-7FACC29D1C64}.Debug|Any CPU.Build.0 = Debug|Any CPU
		{83A77225-42D2-4096-92D8-7FACC29D1C64}.Release|Any CPU.ActiveCfg = Release|Any CPU
		{83A77225-42D2-4096-92D8-7FACC29D1C64}.Release|Any CPU.Build.0 = Release|Any CPU
		{45F3C377-A0C2-4B26-BFF1-342775ADF90C}.Debug|Any CPU.ActiveCfg = Debug|Any CPU
		{45F3C377-A0C2-4B26-BFF1-342775ADF90C}.Debug|Any CPU.Build.0 = Debug|Any CPU
		{45F3C377-A0C2-4B26-BFF1-342775ADF90C}.Release|Any CPU.ActiveCfg = Release|Any CPU
		{45F3C377-A0C2-4B26-BFF1-342775ADF90C}.Release|Any CPU.Build.0 = Release|Any CPU
		{75071883-3949-4684-98A1-C4C5AAD60778}.Debug|Any CPU.ActiveCfg = Debug|Any CPU
		{75071883-3949-4684-98A1-C4C5AAD60778}.Debug|Any CPU.Build.0 = Debug|Any CPU
		{75071883-3949-4684-98A1-C4C5AAD60778}.Release|Any CPU.ActiveCfg = Release|Any CPU
		{75071883-3949-4684-98A1-C4C5AAD60778}.Release|Any CPU.Build.0 = Release|Any CPU
	EndGlobalSection
	GlobalSection(SolutionProperties) = preSolution
		HideSolutionNode = FALSE
	EndGlobalSection
	GlobalSection(NestedProjects) = preSolution
		{FBC98062-5AE3-EAE2-FC94-059E1A4F2571} = {02EA681E-C7D8-13C7-8484-4AC65E1B71E8}
		{A54815BB-72ED-3027-470D-2C3EE61A3A56} = {02EA681E-C7D8-13C7-8484-4AC65E1B71E8}
		{BB629C04-00E9-6961-7B75-3C437FB4BC03} = {02EA681E-C7D8-13C7-8484-4AC65E1B71E8}
		{E13A00F6-6E1E-4983-AD48-EE1D0A284C6F} = {6258F3AB-9832-49CF-A486-399686B709D5}
		{FF5B19A5-B4C9-4CAE-88B9-2F90932D980A} = {6258F3AB-9832-49CF-A486-399686B709D5}
		{A26E32F1-3F69-425B-8162-E0D94FA87B18} = {6258F3AB-9832-49CF-A486-399686B709D5}
		{F27A14DE-EA5B-4045-B945-55141CC416E9} = {13467723-5732-49FB-AF82-EF64996159E4}
		{1350D592-A067-4F5F-AB57-94B37D85948B} = {13467723-5732-49FB-AF82-EF64996159E4}
		{EF4A2A87-B843-46AF-A0F4-9FFA26AD9E6B} = {13467723-5732-49FB-AF82-EF64996159E4}
		{331B8455-2371-4BCF-AE3A-41DA3CAD3216} = {C4AC44FC-5D2F-4D7F-94E7-092035A5107B}
		{10772FB6-C675-40A3-8676-CFD3A4AC5808} = {C4AC44FC-5D2F-4D7F-94E7-092035A5107B}
		{2AB2C191-3041-4558-B718-1821325C0A35} = {C4AC44FC-5D2F-4D7F-94E7-092035A5107B}
		{92EBBBB1-7B57-42FB-9E43-3FAE79023D41} = {40F1BB73-EC8B-4E7C-B6F5-E0EC3220E634}
		{E28936EF-B679-46DB-961A-BAB617DB15E6} = {40F1BB73-EC8B-4E7C-B6F5-E0EC3220E634}
		{933C7BC2-6D9C-47C6-9322-0601EA038F14} = {40F1BB73-EC8B-4E7C-B6F5-E0EC3220E634}
		{D79020E5-8D7B-4174-802E-B264DD5BF07D} = {0C314724-F74D-4B20-95E6-0EE020CE4A15}
		{B0A99B19-E1B5-4A45-9F0E-66382A7BA25C} = {0C314724-F74D-4B20-95E6-0EE020CE4A15}
		{274E7AAF-B57A-4EA4-9DCE-8EB03DA13D20} = {0C314724-F74D-4B20-95E6-0EE020CE4A15}
		{41E29221-8868-41A4-B522-30A7923A07E2} = {A2DFB1D3-7703-4EE9-8AB2-E0CD593FAFDC}
		{7725BE1F-746F-4409-A21C-CAE9BBAEA55A} = {A2DFB1D3-7703-4EE9-8AB2-E0CD593FAFDC}
		{0083C629-B070-45EA-B17D-6BBDD064ADA2} = {A2DFB1D3-7703-4EE9-8AB2-E0CD593FAFDC}
		{83A77225-42D2-4096-92D8-7FACC29D1C64} = {6B318458-0B29-4B66-B9EA-0FB7B2D85CB7}
		{45F3C377-A0C2-4B26-BFF1-342775ADF90C} = {6B318458-0B29-4B66-B9EA-0FB7B2D85CB7}
		{75071883-3949-4684-98A1-C4C5AAD60778} = {6B318458-0B29-4B66-B9EA-0FB7B2D85CB7}
	EndGlobalSection
	GlobalSection(ExtensibilityGlobals) = postSolution
		SolutionGuid = {358F5B8D-8B3F-4B80-BA8D-464D321851EB}
	EndGlobalSection
EndGlobal
