
Microsoft Visual Studio Solution File, Format Version 12.00
# Visual Studio Version 17
VisualStudioVersion = 17.14.36429.23
MinimumVisualStudioVersion = 10.0.40219.1
Project("{2150E333-8FDC-42A3-9474-1A3956D46DE8}") = "Task0", "Task0", "{02EA681E-C7D8-13C7-8484-4AC65E1B71E8}"
EndProject
Project("{FAE04EC0-301F-11D3-BF4B-00C04F79EFBC}") = "Tyuiu.KochetovKO.Sprint1.Task0.V20", "Tyuiu.KochetovKO.Sprint1.Task0.V20\Tyuiu.KochetovKO.Sprint1.Task0.V20.csproj", "{FBC98062-5AE3-EAE2-FC94-059E1A4F2571}"
EndProject
Project("{FAE04EC0-301F-11D3-BF4B-00C04F79EFBC}") = "Tyuiu.KochetovKO.Sprint1.Task0.V20.Lib", "Tyuiu.KochetovKO.Sprint1.Task0.V20.Lib\Tyuiu.KochetovKO.Sprint1.Task0.V20.Lib.csproj", "{A54815BB-72ED-3027-470D-2C3EE61A3A56}"
EndProject
Project("{FAE04EC0-301F-11D3-BF4B-00C04F79EFBC}") = "Tyuiu.KochetovKO.Sprint1.Task0.V20.Test", "Tyuiu.KochetovKO.Sprint1.Task0.V20.Test\Tyuiu.KochetovKO.Sprint1.Task0.V20.Test.csproj", "{BB629C04-00E9-6961-7B75-3C437FB4BC03}"
EndProject
Project("{2150E333-8FDC-42A3-9474-1A3956D46DE8}") = "Proverka", "Proverka", "{B3A054D3-9F24-45CE-8C8A-7D13C2F665A3}"
EndProject
Project("{FAE04EC0-301F-11D3-BF4B-00C04F79EFBC}") = "proverochka", "proverochka\proverochka.csproj", "{F007A4AC-5EA0-437A-9589-D6DECA5DAD6E}"
EndProject
Project("{2150E333-8FDC-42A3-9474-1A3956D46DE8}") = "Task1", "Task1", "{BE38A03A-0B19-4467-8685-FF38F80890C2}"
EndProject
Project("{FAE04EC0-301F-11D3-BF4B-00C04F79EFBC}") = "Tyuiu.KochetovKO.Sprint1.Task1.V20.Test", "Tyuiu.KochetovKO.Sprint1.Task1.V20.Test\Tyuiu.KochetovKO.Sprint1.Task1.V20.Test.csproj", "{3DDA6936-648B-452B-AEF6-54C72954DE60}"
EndProject
Project("{FAE04EC0-301F-11D3-BF4B-00C04F79EFBC}") = "Tyuiu.KochetovKO.Sprint1.Task1.V20", "Tyuiu.KochetovKO.Sprint1.Task1.V20\Tyuiu.KochetovKO.Sprint1.Task1.V20.csproj", "{29DD1627-0682-4E46-AF75-C40775836697}"
EndProject
Project("{FAE04EC0-301F-11D3-BF4B-00C04F79EFBC}") = "Tyuiu.KochetovKO.Sprint1.Task1.V20.Lib", "Tyuiu.KochetovKO.Sprint1.Task1.V20.Lib\Tyuiu.KochetovKO.Sprint1.Task1.V20.Lib.csproj", "{863F89C0-BD80-45FE-9D0C-58639175EE12}"
EndProject
Global
	GlobalSection(SolutionConfigurationPlatforms) = preSolution
		Debug|Any CPU = Debug|Any CPU
		Release|Any CPU = Release|Any CPU
	EndGlobalSection
	GlobalSection(ProjectConfigurationPlatforms) = postSolution
		{FBC98062-5AE3-EAE2-FC94-059E1A4F2571}.Debug|Any CPU.ActiveCfg = Debug|Any CPU
		{FBC98062-5AE3-EAE2-FC94-059E1A4F2571}.Debug|Any CPU.Build.0 = Debug|Any CPU
		{FBC98062-5AE3-EAE2-FC94-059E1A4F2571}.Release|Any CPU.ActiveCfg = Release|Any CPU
		{FBC98062-5AE3-EAE2-FC94-059E1A4F2571}.Release|Any CPU.Build.0 = Release|Any CPU
		{A54815BB-72ED-3027-470D-2C3EE61A3A56}.Debug|Any CPU.ActiveCfg = Debug|Any CPU
		{A54815BB-72ED-3027-470D-2C3EE61A3A56}.Debug|Any CPU.Build.0 = Debug|Any CPU
		{A54815BB-72ED-3027-470D-2C3EE61A3A56}.Release|Any CPU.ActiveCfg = Release|Any CPU
		{A54815BB-72ED-3027-470D-2C3EE61A3A56}.Release|Any CPU.Build.0 = Release|Any CPU
		{BB629C04-00E9-6961-7B75-3C437FB4BC03}.Debug|Any CPU.ActiveCfg = Debug|Any CPU
		{BB629C04-00E9-6961-7B75-3C437FB4BC03}.Debug|Any CPU.Build.0 = Debug|Any CPU
		{BB629C04-00E9-6961-7B75-3C437FB4BC03}.Release|Any CPU.ActiveCfg = Release|Any CPU
		{BB629C04-00E9-6961-7B75-3C437FB4BC03}.Release|Any CPU.Build.0 = Release|Any CPU
		{F007A4AC-5EA0-437A-9589-D6DECA5DAD6E}.Debug|Any CPU.ActiveCfg = Debug|Any CPU
		{F007A4AC-5EA0-437A-9589-D6DECA5DAD6E}.Debug|Any CPU.Build.0 = Debug|Any CPU
		{F007A4AC-5EA0-437A-9589-D6DECA5DAD6E}.Release|Any CPU.ActiveCfg = Release|Any CPU
		{F007A4AC-5EA0-437A-9589-D6DECA5DAD6E}.Release|Any CPU.Build.0 = Release|Any CPU
		{3DDA6936-648B-452B-AEF6-54C72954DE60}.Debug|Any CPU.ActiveCfg = Debug|Any CPU
		{3DDA6936-648B-452B-AEF6-54C72954DE60}.Debug|Any CPU.Build.0 = Debug|Any CPU
		{3DDA6936-648B-452B-AEF6-54C72954DE60}.Release|Any CPU.ActiveCfg = Release|Any CPU
		{3DDA6936-648B-452B-AEF6-54C72954DE60}.Release|Any CPU.Build.0 = Release|Any CPU
		{29DD1627-0682-4E46-AF75-C40775836697}.Debug|Any CPU.ActiveCfg = Debug|Any CPU
		{29DD1627-0682-4E46-AF75-C40775836697}.Debug|Any CPU.Build.0 = Debug|Any CPU
		{29DD1627-0682-4E46-AF75-C40775836697}.Release|Any CPU.ActiveCfg = Release|Any CPU
		{29DD1627-0682-4E46-AF75-C40775836697}.Release|Any CPU.Build.0 = Release|Any CPU
		{863F89C0-BD80-45FE-9D0C-58639175EE12}.Debug|Any CPU.ActiveCfg = Debug|Any CPU
		{863F89C0-BD80-45FE-9D0C-58639175EE12}.Debug|Any CPU.Build.0 = Debug|Any CPU
		{863F89C0-BD80-45FE-9D0C-58639175EE12}.Release|Any CPU.ActiveCfg = Release|Any CPU
		{863F89C0-BD80-45FE-9D0C-58639175EE12}.Release|Any CPU.Build.0 = Release|Any CPU
	EndGlobalSection
	GlobalSection(SolutionProperties) = preSolution
		HideSolutionNode = FALSE
	EndGlobalSection
	GlobalSection(NestedProjects) = preSolution
		{FBC98062-5AE3-EAE2-FC94-059E1A4F2571} = {02EA681E-C7D8-13C7-8484-4AC65E1B71E8}
		{A54815BB-72ED-3027-470D-2C3EE61A3A56} = {02EA681E-C7D8-13C7-8484-4AC65E1B71E8}
		{BB629C04-00E9-6961-7B75-3C437FB4BC03} = {02EA681E-C7D8-13C7-8484-4AC65E1B71E8}
		{F007A4AC-5EA0-437A-9589-D6DECA5DAD6E} = {B3A054D3-9F24-45CE-8C8A-7D13C2F665A3}
		{3DDA6936-648B-452B-AEF6-54C72954DE60} = {BE38A03A-0B19-4467-8685-FF38F80890C2}
		{29DD1627-0682-4E46-AF75-C40775836697} = {BE38A03A-0B19-4467-8685-FF38F80890C2}
		{863F89C0-BD80-45FE-9D0C-58639175EE12} = {BE38A03A-0B19-4467-8685-FF38F80890C2}
	EndGlobalSection
	GlobalSection(ExtensibilityGlobals) = postSolution
		SolutionGuid = {358F5B8D-8B3F-4B80-BA8D-464D321851EB}
	EndGlobalSection
EndGlobal
